// !$*UTF8*$!
{
	archiveVersion = 1;
	classes = {
	};
	objectVersion = 56;
	objects = {

/* Begin PBXBuildFile section */
		CB18D2D42D6D48E700CCFA36 /* SessionManager.swift in Sources */ = {isa = PBXBuildFile; fileRef = CB18D2D32D6D48E600CCFA36 /* SessionManager.swift */; };
		CB18D2D62D6E447000CCFA36 /* DinoLabsTerminal.swift in Sources */ = {isa = PBXBuildFile; fileRef = CB18D2D52D6E447000CCFA36 /* DinoLabsTerminal.swift */; };
		CB5B4AD32D5FC0B100492970 /* AlertCheckField.swift in Sources */ = {isa = PBXBuildFile; fileRef = CB5B4AD22D5FC0B100492970 /* AlertCheckField.swift */; };
		CB5B4AD52D5FC0C700492970 /* AlertMenuField.swift in Sources */ = {isa = PBXBuildFile; fileRef = CB5B4AD42D5FC0C700492970 /* AlertMenuField.swift */; };
		CB5B4AD72D5FC56D00492970 /* AlertButtonMain.swift in Sources */ = {isa = PBXBuildFile; fileRef = CB5B4AD62D5FC56D00492970 /* AlertButtonMain.swift */; };
		CB5B4AD92D5FC68C00492970 /* InputFieldManager.swift in Sources */ = {isa = PBXBuildFile; fileRef = CB5B4AD82D5FC68C00492970 /* InputFieldManager.swift */; };
		CB5B4ADB2D5FC6BF00492970 /* InputButtonManager.swift in Sources */ = {isa = PBXBuildFile; fileRef = CB5B4ADA2D5FC6BE00492970 /* InputButtonManager.swift */; };
		CB5B4ADE2D5FF8CE00492970 /* MainTextField.swift in Sources */ = {isa = PBXBuildFile; fileRef = CB5B4ADD2D5FF8CE00492970 /* MainTextField.swift */; };
		CB5B4AE02D5FF8E300492970 /* MainButtonMain.swift in Sources */ = {isa = PBXBuildFile; fileRef = CB5B4ADF2D5FF8E300492970 /* MainButtonMain.swift */; };
		CB5B4AE32D600C2900492970 /* NavigationBar.swift in Sources */ = {isa = PBXBuildFile; fileRef = CB5B4AE22D600C2900492970 /* NavigationBar.swift */; };
		CB5B4AE62D601B5F00492970 /* NavigatorButtonMain.swift in Sources */ = {isa = PBXBuildFile; fileRef = CB5B4AE52D601B5F00492970 /* NavigatorButtonMain.swift */; };
		CB6331752D66ACD300DBA508 /* DinoLabsAccount.swift in Sources */ = {isa = PBXBuildFile; fileRef = CB6331742D66ACD300DBA508 /* DinoLabsAccount.swift */; };
		CB82E61E2D7002EC00AB6412 /* TabularButtonMain.swift in Sources */ = {isa = PBXBuildFile; fileRef = CB82E61D2D7002EC00AB6412 /* TabularButtonMain.swift */; };
		CB9A90A72D73A13E00AA034A /* TabularTextField.swift in Sources */ = {isa = PBXBuildFile; fileRef = CB9A90A62D73A13E00AA034A /* TabularTextField.swift */; };
		CB9A90A92D74A20F00AA034A /* DinoLabsTabularConstructors.swift in Sources */ = {isa = PBXBuildFile; fileRef = CB9A90A82D74A20F00AA034A /* DinoLabsTabularConstructors.swift */; };
		CB9A90AB2D76770A00AA034A /* DinoLabsText.swift in Sources */ = {isa = PBXBuildFile; fileRef = CB9A90AA2D76770A00AA034A /* DinoLabsText.swift */; };
		CB9A90AE2D76857D00AA034A /* TextTextField.swift in Sources */ = {isa = PBXBuildFile; fileRef = CB9A90AD2D76857D00AA034A /* TextTextField.swift */; };
		CB9A90B02D76858C00AA034A /* TextButtonMain.swift in Sources */ = {isa = PBXBuildFile; fileRef = CB9A90AF2D76858C00AA034A /* TextButtonMain.swift */; };
		CB9A90B22D77BE7900AA034A /* DinoLabsImage.swift in Sources */ = {isa = PBXBuildFile; fileRef = CB9A90B12D77BE7800AA034A /* DinoLabsImage.swift */; };
		CBB19EF92D6EB12C002E7805 /* DinoLabsTabular.swift in Sources */ = {isa = PBXBuildFile; fileRef = CBB19EF82D6EB12C002E7805 /* DinoLabsTabular.swift */; };
		CBBB64A92D60374C008A9AEC /* BackgroundVideoHelper.swift in Sources */ = {isa = PBXBuildFile; fileRef = CBBB64A82D60374C008A9AEC /* BackgroundVideoHelper.swift */; };
		CBDF23522D6807B40049F865 /* AccountTextField.swift in Sources */ = {isa = PBXBuildFile; fileRef = CBDF23512D6807B40049F865 /* AccountTextField.swift */; };
		CBDF23542D6807C30049F865 /* AccountButtonMain.swift in Sources */ = {isa = PBXBuildFile; fileRef = CBDF23532D6807C30049F865 /* AccountButtonMain.swift */; };
		CBDF23562D681AAF0049F865 /* ToggleHelper.swift in Sources */ = {isa = PBXBuildFile; fileRef = CBDF23552D681AAF0049F865 /* ToggleHelper.swift */; };
		CBDF23582D687EA10049F865 /* SliderHelper.swift in Sources */ = {isa = PBXBuildFile; fileRef = CBDF23572D687EA10049F865 /* SliderHelper.swift */; };
		CBDF235A2D6916930049F865 /* DinoLabsIDE.swift in Sources */ = {isa = PBXBuildFile; fileRef = CBDF23592D6916930049F865 /* DinoLabsIDE.swift */; };
		CBDF235C2D694C240049F865 /* DinoLabsParser.swift in Sources */ = {isa = PBXBuildFile; fileRef = CBDF235B2D694C240049F865 /* DinoLabsParser.swift */; };
		CBDF235E2D6A46D60049F865 /* DinoLabsThemes.swift in Sources */ = {isa = PBXBuildFile; fileRef = CBDF235D2D6A46D60049F865 /* DinoLabsThemes.swift */; };
		CBDF23612D6AA0AF0049F865 /* CodeTextField.swift in Sources */ = {isa = PBXBuildFile; fileRef = CBDF23602D6AA0AF0049F865 /* CodeTextField.swift */; };
		CBDF23632D6AA0BB0049F865 /* CodeButtonMain.swift in Sources */ = {isa = PBXBuildFile; fileRef = CBDF23622D6AA0BB0049F865 /* CodeButtonMain.swift */; };
		CBEC15A62D5D8A19009A0FAF /* DinoLabsPlaygroundApp.swift in Sources */ = {isa = PBXBuildFile; fileRef = CBEC15A52D5D8A19009A0FAF /* DinoLabsPlaygroundApp.swift */; };
		CBEC15A82D5D8A19009A0FAF /* ContentView.swift in Sources */ = {isa = PBXBuildFile; fileRef = CBEC15A72D5D8A19009A0FAF /* ContentView.swift */; };
		CBEC15AA2D5D8A1D009A0FAF /* Assets.xcassets in Resources */ = {isa = PBXBuildFile; fileRef = CBEC15A92D5D8A1D009A0FAF /* Assets.xcassets */; };
		CBEC15AD2D5D8A1D009A0FAF /* Preview Assets.xcassets in Resources */ = {isa = PBXBuildFile; fileRef = CBEC15AC2D5D8A1D009A0FAF /* Preview Assets.xcassets */; };
		CBEC15BF2D5D8FC7009A0FAF /* DinoLabsPlayground.swift in Sources */ = {isa = PBXBuildFile; fileRef = CBEC15BE2D5D8FC7009A0FAF /* DinoLabsPlayground.swift */; };
		CBEC15C12D5D8FE0009A0FAF /* DinoLabsColorPicker.swift in Sources */ = {isa = PBXBuildFile; fileRef = CBEC15C02D5D8FE0009A0FAF /* DinoLabsColorPicker.swift */; };
		CBEC15C32D5D9015009A0FAF /* DinoLabsAlert.swift in Sources */ = {isa = PBXBuildFile; fileRef = CBEC15C22D5D9015009A0FAF /* DinoLabsAlert.swift */; };
		CBEC15C52D5D906F009A0FAF /* LoginAuth.swift in Sources */ = {isa = PBXBuildFile; fileRef = CBEC15C42D5D906F009A0FAF /* LoginAuth.swift */; };
		CBEC15C72D5D90F3009A0FAF /* DateManager.swift in Sources */ = {isa = PBXBuildFile; fileRef = CBEC15C62D5D90F3009A0FAF /* DateManager.swift */; };
		CBEC15C92D5D9159009A0FAF /* SecurityManager.swift in Sources */ = {isa = PBXBuildFile; fileRef = CBEC15C82D5D9159009A0FAF /* SecurityManager.swift */; };
		CBEC15CB2D5D9176009A0FAF /* NetworkManager.swift in Sources */ = {isa = PBXBuildFile; fileRef = CBEC15CA2D5D9176009A0FAF /* NetworkManager.swift */; };
		CBEC15CD2D5D91A8009A0FAF /* StructManager.swift in Sources */ = {isa = PBXBuildFile; fileRef = CBEC15CC2D5D91A8009A0FAF /* StructManager.swift */; };
		CBEC15CF2D5D9226009A0FAF /* ViewControl.swift in Sources */ = {isa = PBXBuildFile; fileRef = CBEC15CE2D5D9226009A0FAF /* ViewControl.swift */; };
		CBEC15D22D5D978B009A0FAF /* SolarSystemBackground.mp4 in Resources */ = {isa = PBXBuildFile; fileRef = CBEC15D12D5D978B009A0FAF /* SolarSystemBackground.mp4 */; };
		CBEC15D62D5E5CFA009A0FAF /* AuthenticationTextField.swift in Sources */ = {isa = PBXBuildFile; fileRef = CBEC15D52D5E5CFA009A0FAF /* AuthenticationTextField.swift */; };
		CBEC15D82D5E64C7009A0FAF /* AuthenticationButtonMain.swift in Sources */ = {isa = PBXBuildFile; fileRef = CBEC15D72D5E64C7009A0FAF /* AuthenticationButtonMain.swift */; };
		CBEC15DA2D5E7205009A0FAF /* HoverHelper.swift in Sources */ = {isa = PBXBuildFile; fileRef = CBEC15D92D5E7205009A0FAF /* HoverHelper.swift */; };
		CBEC15DC2D5E806E009A0FAF /* ClickHelper.swift in Sources */ = {isa = PBXBuildFile; fileRef = CBEC15DB2D5E806E009A0FAF /* ClickHelper.swift */; };
		CBEC15DE2D5E937C009A0FAF /* ResetAuth.swift in Sources */ = {isa = PBXBuildFile; fileRef = CBEC15DD2D5E937C009A0FAF /* ResetAuth.swift */; };
		CBEC15E02D5EA98A009A0FAF /* RegisterAuth.swift in Sources */ = {isa = PBXBuildFile; fileRef = CBEC15DF2D5EA98A009A0FAF /* RegisterAuth.swift */; };
		CBF91B9E2D5EE71F00B0616D /* AlertTextField.swift in Sources */ = {isa = PBXBuildFile; fileRef = CBF91B9D2D5EE71F00B0616D /* AlertTextField.swift */; };
		CBFD7B6F2D624F6200418304 /* DoughnutHelper.swift in Sources */ = {isa = PBXBuildFile; fileRef = CBFD7B6E2D624F6200418304 /* DoughnutHelper.swift */; };
		CBFD7B712D62909900418304 /* LineHelper.swift in Sources */ = {isa = PBXBuildFile; fileRef = CBFD7B702D62909900418304 /* LineHelper.swift */; };
		CBFD7B732D62A42C00418304 /* ColorManager.swift in Sources */ = {isa = PBXBuildFile; fileRef = CBFD7B722D62A42C00418304 /* ColorManager.swift */; };
		CBFDA88B2D64FC3700EA87BB /* TabHelper.swift in Sources */ = {isa = PBXBuildFile; fileRef = CBFDA88A2D64FC3700EA87BB /* TabHelper.swift */; };
		CBFDA88F2D65C97800EA87BB /* DinoLabsSearch.swift in Sources */ = {isa = PBXBuildFile; fileRef = CBFDA88E2D65C97800EA87BB /* DinoLabsSearch.swift */; };
		CBFDF9D32D612FD0008C580D /* CursorHelper.swift in Sources */ = {isa = PBXBuildFile; fileRef = CBFDF9D22D612FD0008C580D /* CursorHelper.swift */; };
		CBFDF9D52D614AF4008C580D /* ContainerHelper.swift in Sources */ = {isa = PBXBuildFile; fileRef = CBFDF9D42D614AF4008C580D /* ContainerHelper.swift */; };
/* End PBXBuildFile section */

/* Begin PBXFileReference section */
		CB18D2D32D6D48E600CCFA36 /* SessionManager.swift */ = {isa = PBXFileReference; lastKnownFileType = sourcecode.swift; path = SessionManager.swift; sourceTree = "<group>"; };
		CB18D2D52D6E447000CCFA36 /* DinoLabsTerminal.swift */ = {isa = PBXFileReference; lastKnownFileType = sourcecode.swift; path = DinoLabsTerminal.swift; sourceTree = "<group>"; };
		CB5B4AD22D5FC0B100492970 /* AlertCheckField.swift */ = {isa = PBXFileReference; lastKnownFileType = sourcecode.swift; path = AlertCheckField.swift; sourceTree = "<group>"; };
		CB5B4AD42D5FC0C700492970 /* AlertMenuField.swift */ = {isa = PBXFileReference; lastKnownFileType = sourcecode.swift; path = AlertMenuField.swift; sourceTree = "<group>"; };
		CB5B4AD62D5FC56D00492970 /* AlertButtonMain.swift */ = {isa = PBXFileReference; lastKnownFileType = sourcecode.swift; path = AlertButtonMain.swift; sourceTree = "<group>"; };
		CB5B4AD82D5FC68C00492970 /* InputFieldManager.swift */ = {isa = PBXFileReference; lastKnownFileType = sourcecode.swift; path = InputFieldManager.swift; sourceTree = "<group>"; };
		CB5B4ADA2D5FC6BE00492970 /* InputButtonManager.swift */ = {isa = PBXFileReference; lastKnownFileType = sourcecode.swift; path = InputButtonManager.swift; sourceTree = "<group>"; };
		CB5B4ADD2D5FF8CE00492970 /* MainTextField.swift */ = {isa = PBXFileReference; lastKnownFileType = sourcecode.swift; path = MainTextField.swift; sourceTree = "<group>"; };
		CB5B4ADF2D5FF8E300492970 /* MainButtonMain.swift */ = {isa = PBXFileReference; lastKnownFileType = sourcecode.swift; path = MainButtonMain.swift; sourceTree = "<group>"; };
		CB5B4AE22D600C2900492970 /* NavigationBar.swift */ = {isa = PBXFileReference; lastKnownFileType = sourcecode.swift; path = NavigationBar.swift; sourceTree = "<group>"; wrapsLines = 0; };
		CB5B4AE52D601B5F00492970 /* NavigatorButtonMain.swift */ = {isa = PBXFileReference; lastKnownFileType = sourcecode.swift; path = NavigatorButtonMain.swift; sourceTree = "<group>"; };
		CB6331742D66ACD300DBA508 /* DinoLabsAccount.swift */ = {isa = PBXFileReference; lastKnownFileType = sourcecode.swift; path = DinoLabsAccount.swift; sourceTree = "<group>"; wrapsLines = 0; };
		CB82E61D2D7002EC00AB6412 /* TabularButtonMain.swift */ = {isa = PBXFileReference; lastKnownFileType = sourcecode.swift; path = TabularButtonMain.swift; sourceTree = "<group>"; };
		CB9A90A62D73A13E00AA034A /* TabularTextField.swift */ = {isa = PBXFileReference; lastKnownFileType = sourcecode.swift; path = TabularTextField.swift; sourceTree = "<group>"; };
		CB9A90A82D74A20F00AA034A /* DinoLabsTabularConstructors.swift */ = {isa = PBXFileReference; lastKnownFileType = sourcecode.swift; path = DinoLabsTabularConstructors.swift; sourceTree = "<group>"; };
		CB9A90AA2D76770A00AA034A /* DinoLabsText.swift */ = {isa = PBXFileReference; lastKnownFileType = sourcecode.swift; path = DinoLabsText.swift; sourceTree = "<group>"; };
		CB9A90AD2D76857D00AA034A /* TextTextField.swift */ = {isa = PBXFileReference; lastKnownFileType = sourcecode.swift; path = TextTextField.swift; sourceTree = "<group>"; };
		CB9A90AF2D76858C00AA034A /* TextButtonMain.swift */ = {isa = PBXFileReference; lastKnownFileType = sourcecode.swift; path = TextButtonMain.swift; sourceTree = "<group>"; };
		CB9A90B12D77BE7800AA034A /* DinoLabsImage.swift */ = {isa = PBXFileReference; lastKnownFileType = sourcecode.swift; path = DinoLabsImage.swift; sourceTree = "<group>"; };
		CBB19EF82D6EB12C002E7805 /* DinoLabsTabular.swift */ = {isa = PBXFileReference; lastKnownFileType = sourcecode.swift; path = DinoLabsTabular.swift; sourceTree = "<group>"; wrapsLines = 0; };
		CBBB64A82D60374C008A9AEC /* BackgroundVideoHelper.swift */ = {isa = PBXFileReference; lastKnownFileType = sourcecode.swift; path = BackgroundVideoHelper.swift; sourceTree = "<group>"; };
		CBDF23512D6807B40049F865 /* AccountTextField.swift */ = {isa = PBXFileReference; lastKnownFileType = sourcecode.swift; path = AccountTextField.swift; sourceTree = "<group>"; };
		CBDF23532D6807C30049F865 /* AccountButtonMain.swift */ = {isa = PBXFileReference; lastKnownFileType = sourcecode.swift; path = AccountButtonMain.swift; sourceTree = "<group>"; };
		CBDF23552D681AAF0049F865 /* ToggleHelper.swift */ = {isa = PBXFileReference; lastKnownFileType = sourcecode.swift; path = ToggleHelper.swift; sourceTree = "<group>"; wrapsLines = 0; };
		CBDF23572D687EA10049F865 /* SliderHelper.swift */ = {isa = PBXFileReference; lastKnownFileType = sourcecode.swift; path = SliderHelper.swift; sourceTree = "<group>"; };
		CBDF23592D6916930049F865 /* DinoLabsIDE.swift */ = {isa = PBXFileReference; lastKnownFileType = sourcecode.swift; path = DinoLabsIDE.swift; sourceTree = "<group>"; wrapsLines = 0; };
		CBDF235B2D694C240049F865 /* DinoLabsParser.swift */ = {isa = PBXFileReference; lastKnownFileType = sourcecode.swift; path = DinoLabsParser.swift; sourceTree = "<group>"; };
		CBDF235D2D6A46D60049F865 /* DinoLabsThemes.swift */ = {isa = PBXFileReference; lastKnownFileType = sourcecode.swift; path = DinoLabsThemes.swift; sourceTree = "<group>"; };
		CBDF23602D6AA0AF0049F865 /* CodeTextField.swift */ = {isa = PBXFileReference; lastKnownFileType = sourcecode.swift; path = CodeTextField.swift; sourceTree = "<group>"; };
		CBDF23622D6AA0BB0049F865 /* CodeButtonMain.swift */ = {isa = PBXFileReference; lastKnownFileType = sourcecode.swift; path = CodeButtonMain.swift; sourceTree = "<group>"; };
		CBEC15A22D5D8A19009A0FAF /* Dino Labs Playground.app */ = {isa = PBXFileReference; explicitFileType = wrapper.application; includeInIndex = 0; path = "Dino Labs Playground.app"; sourceTree = BUILT_PRODUCTS_DIR; };
		CBEC15A52D5D8A19009A0FAF /* DinoLabsPlaygroundApp.swift */ = {isa = PBXFileReference; lastKnownFileType = sourcecode.swift; path = DinoLabsPlaygroundApp.swift; sourceTree = "<group>"; };
		CBEC15A72D5D8A19009A0FAF /* ContentView.swift */ = {isa = PBXFileReference; lastKnownFileType = sourcecode.swift; path = ContentView.swift; sourceTree = "<group>"; };
		CBEC15A92D5D8A1D009A0FAF /* Assets.xcassets */ = {isa = PBXFileReference; lastKnownFileType = folder.assetcatalog; path = Assets.xcassets; sourceTree = "<group>"; };
		CBEC15AC2D5D8A1D009A0FAF /* Preview Assets.xcassets */ = {isa = PBXFileReference; lastKnownFileType = folder.assetcatalog; path = "Preview Assets.xcassets"; sourceTree = "<group>"; };
		CBEC15BE2D5D8FC7009A0FAF /* DinoLabsPlayground.swift */ = {isa = PBXFileReference; lastKnownFileType = sourcecode.swift; path = DinoLabsPlayground.swift; sourceTree = "<group>"; };
		CBEC15C02D5D8FE0009A0FAF /* DinoLabsColorPicker.swift */ = {isa = PBXFileReference; lastKnownFileType = sourcecode.swift; path = DinoLabsColorPicker.swift; sourceTree = "<group>"; };
		CBEC15C22D5D9015009A0FAF /* DinoLabsAlert.swift */ = {isa = PBXFileReference; lastKnownFileType = sourcecode.swift; path = DinoLabsAlert.swift; sourceTree = "<group>"; };
		CBEC15C42D5D906F009A0FAF /* LoginAuth.swift */ = {isa = PBXFileReference; lastKnownFileType = sourcecode.swift; path = LoginAuth.swift; sourceTree = "<group>"; };
		CBEC15C62D5D90F3009A0FAF /* DateManager.swift */ = {isa = PBXFileReference; lastKnownFileType = sourcecode.swift; path = DateManager.swift; sourceTree = "<group>"; };
		CBEC15C82D5D9159009A0FAF /* SecurityManager.swift */ = {isa = PBXFileReference; lastKnownFileType = sourcecode.swift; path = SecurityManager.swift; sourceTree = "<group>"; };
		CBEC15CA2D5D9176009A0FAF /* NetworkManager.swift */ = {isa = PBXFileReference; lastKnownFileType = sourcecode.swift; path = NetworkManager.swift; sourceTree = "<group>"; };
		CBEC15CC2D5D91A8009A0FAF /* StructManager.swift */ = {isa = PBXFileReference; lastKnownFileType = sourcecode.swift; path = StructManager.swift; sourceTree = "<group>"; };
		CBEC15CE2D5D9226009A0FAF /* ViewControl.swift */ = {isa = PBXFileReference; lastKnownFileType = sourcecode.swift; path = ViewControl.swift; sourceTree = "<group>"; };
		CBEC15D12D5D978B009A0FAF /* SolarSystemBackground.mp4 */ = {isa = PBXFileReference; lastKnownFileType = file; path = SolarSystemBackground.mp4; sourceTree = "<group>"; };
		CBEC15D32D5E5C96009A0FAF /* DinoLabsPlayground.entitlements */ = {isa = PBXFileReference; lastKnownFileType = text.plist.entitlements; path = DinoLabsPlayground.entitlements; sourceTree = "<group>"; };
		CBEC15D52D5E5CFA009A0FAF /* AuthenticationTextField.swift */ = {isa = PBXFileReference; lastKnownFileType = sourcecode.swift; path = AuthenticationTextField.swift; sourceTree = "<group>"; };
		CBEC15D72D5E64C7009A0FAF /* AuthenticationButtonMain.swift */ = {isa = PBXFileReference; lastKnownFileType = sourcecode.swift; path = AuthenticationButtonMain.swift; sourceTree = "<group>"; };
		CBEC15D92D5E7205009A0FAF /* HoverHelper.swift */ = {isa = PBXFileReference; lastKnownFileType = sourcecode.swift; path = HoverHelper.swift; sourceTree = "<group>"; };
		CBEC15DB2D5E806E009A0FAF /* ClickHelper.swift */ = {isa = PBXFileReference; lastKnownFileType = sourcecode.swift; path = ClickHelper.swift; sourceTree = "<group>"; };
		CBEC15DD2D5E937C009A0FAF /* ResetAuth.swift */ = {isa = PBXFileReference; lastKnownFileType = sourcecode.swift; path = ResetAuth.swift; sourceTree = "<group>"; };
		CBEC15DF2D5EA98A009A0FAF /* RegisterAuth.swift */ = {isa = PBXFileReference; lastKnownFileType = sourcecode.swift; path = RegisterAuth.swift; sourceTree = "<group>"; };
		CBF91B9D2D5EE71F00B0616D /* AlertTextField.swift */ = {isa = PBXFileReference; lastKnownFileType = sourcecode.swift; path = AlertTextField.swift; sourceTree = "<group>"; };
		CBFD7B6E2D624F6200418304 /* DoughnutHelper.swift */ = {isa = PBXFileReference; lastKnownFileType = sourcecode.swift; path = DoughnutHelper.swift; sourceTree = "<group>"; };
		CBFD7B702D62909900418304 /* LineHelper.swift */ = {isa = PBXFileReference; lastKnownFileType = sourcecode.swift; path = LineHelper.swift; sourceTree = "<group>"; wrapsLines = 0; };
		CBFD7B722D62A42C00418304 /* ColorManager.swift */ = {isa = PBXFileReference; lastKnownFileType = sourcecode.swift; path = ColorManager.swift; sourceTree = "<group>"; };
		CBFDA88A2D64FC3700EA87BB /* TabHelper.swift */ = {isa = PBXFileReference; lastKnownFileType = sourcecode.swift; path = TabHelper.swift; sourceTree = "<group>"; };
		CBFDA88E2D65C97800EA87BB /* DinoLabsSearch.swift */ = {isa = PBXFileReference; lastKnownFileType = sourcecode.swift; path = DinoLabsSearch.swift; sourceTree = "<group>"; wrapsLines = 0; };
		CBFDF9D22D612FD0008C580D /* CursorHelper.swift */ = {isa = PBXFileReference; lastKnownFileType = sourcecode.swift; path = CursorHelper.swift; sourceTree = "<group>"; };
		CBFDF9D42D614AF4008C580D /* ContainerHelper.swift */ = {isa = PBXFileReference; lastKnownFileType = sourcecode.swift; path = ContainerHelper.swift; sourceTree = "<group>"; };
/* End PBXFileReference section */

/* Begin PBXFrameworksBuildPhase section */
		CBEC159F2D5D8A19009A0FAF /* Frameworks */ = {
			isa = PBXFrameworksBuildPhase;
			buildActionMask = 2147483647;
			files = (
			);
			runOnlyForDeploymentPostprocessing = 0;
		};
/* End PBXFrameworksBuildPhase section */

/* Begin PBXGroup section */
		CB5B4ADC2D5FF8B100492970 /* MainHelpers */ = {
			isa = PBXGroup;
			children = (
				CB5B4ADD2D5FF8CE00492970 /* MainTextField.swift */,
				CB5B4ADF2D5FF8E300492970 /* MainButtonMain.swift */,
			);
			path = MainHelpers;
			sourceTree = "<group>";
		};
		CB5B4AE12D600C1100492970 /* Navigator */ = {
			isa = PBXGroup;
			children = (
				CB5B4AE42D601B4100492970 /* NavigatorHelpers */,
				CB5B4AE22D600C2900492970 /* NavigationBar.swift */,
			);
			path = Navigator;
			sourceTree = "<group>";
		};
		CB5B4AE42D601B4100492970 /* NavigatorHelpers */ = {
			isa = PBXGroup;
			children = (
				CB5B4AE52D601B5F00492970 /* NavigatorButtonMain.swift */,
			);
			path = NavigatorHelpers;
			sourceTree = "<group>";
		};
		CB6331732D66ACB300DBA508 /* AccountHelpers */ = {
			isa = PBXGroup;
			children = (
				CBDF23512D6807B40049F865 /* AccountTextField.swift */,
				CBDF23532D6807C30049F865 /* AccountButtonMain.swift */,
			);
			path = AccountHelpers;
			sourceTree = "<group>";
		};
		CB82E61C2D7002CA00AB6412 /* TabularHelpers */ = {
			isa = PBXGroup;
			children = (
				CB9A90A62D73A13E00AA034A /* TabularTextField.swift */,
				CB82E61D2D7002EC00AB6412 /* TabularButtonMain.swift */,
			);
			path = TabularHelpers;
			sourceTree = "<group>";
		};
		CB9A90AC2D76856200AA034A /* TextHelpers */ = {
			isa = PBXGroup;
			children = (
				CB9A90AD2D76857D00AA034A /* TextTextField.swift */,
				CB9A90AF2D76858C00AA034A /* TextButtonMain.swift */,
			);
			path = TextHelpers;
			sourceTree = "<group>";
		};
		CBDF235F2D6AA0950049F865 /* CodeHelpers */ = {
			isa = PBXGroup;
			children = (
				CBDF23602D6AA0AF0049F865 /* CodeTextField.swift */,
				CBDF23622D6AA0BB0049F865 /* CodeButtonMain.swift */,
			);
			path = CodeHelpers;
			sourceTree = "<group>";
		};
		CBEC15992D5D8A19009A0FAF = {
			isa = PBXGroup;
			children = (
				CBEC15A42D5D8A19009A0FAF /* DinoLabsPlayground */,
				CBEC15A32D5D8A19009A0FAF /* Products */,
			);
			sourceTree = "<group>";
		};
		CBEC15A32D5D8A19009A0FAF /* Products */ = {
			isa = PBXGroup;
			children = (
				CBEC15A22D5D8A19009A0FAF /* Dino Labs Playground.app */,
			);
			name = Products;
			sourceTree = "<group>";
		};
		CBEC15A42D5D8A19009A0FAF /* DinoLabsPlayground */ = {
			isa = PBXGroup;
			children = (
				CBEC15D32D5E5C96009A0FAF /* DinoLabsPlayground.entitlements */,
				CBEC15B32D5D8E96009A0FAF /* Managers */,
				CBEC15B52D5D8EA9009A0FAF /* Helpers */,
				CBEC15B62D5D8EB2009A0FAF /* Protocols */,
				CBEC15B82D5D8F45009A0FAF /* Content */,
				CBEC15A52D5D8A19009A0FAF /* DinoLabsPlaygroundApp.swift */,
				CBEC15A72D5D8A19009A0FAF /* ContentView.swift */,
				CBEC15A92D5D8A1D009A0FAF /* Assets.xcassets */,
				CBEC15D12D5D978B009A0FAF /* SolarSystemBackground.mp4 */,
				CBEC15AB2D5D8A1D009A0FAF /* Preview Content */,
			);
			path = DinoLabsPlayground;
			sourceTree = "<group>";
		};
		CBEC15AB2D5D8A1D009A0FAF /* Preview Content */ = {
			isa = PBXGroup;
			children = (
				CBEC15AC2D5D8A1D009A0FAF /* Preview Assets.xcassets */,
			);
			path = "Preview Content";
			sourceTree = "<group>";
		};
		CBEC15B32D5D8E96009A0FAF /* Managers */ = {
			isa = PBXGroup;
			children = (
				CBEC15C82D5D9159009A0FAF /* SecurityManager.swift */,
				CBEC15CA2D5D9176009A0FAF /* NetworkManager.swift */,
				CBEC15CC2D5D91A8009A0FAF /* StructManager.swift */,
				CB5B4AD82D5FC68C00492970 /* InputFieldManager.swift */,
				CB5B4ADA2D5FC6BE00492970 /* InputButtonManager.swift */,
				CBEC15C62D5D90F3009A0FAF /* DateManager.swift */,
				CBFD7B722D62A42C00418304 /* ColorManager.swift */,
				CB18D2D32D6D48E600CCFA36 /* SessionManager.swift */,
			);
			path = Managers;
			sourceTree = "<group>";
		};
		CBEC15B52D5D8EA9009A0FAF /* Helpers */ = {
			isa = PBXGroup;
			children = (
				CBFD7B6D2D624F4E00418304 /* PlottingHelpers */,
				CBFDA88A2D64FC3700EA87BB /* TabHelper.swift */,
				CBFDF9D22D612FD0008C580D /* CursorHelper.swift */,
				CBEC15D92D5E7205009A0FAF /* HoverHelper.swift */,
				CBEC15DB2D5E806E009A0FAF /* ClickHelper.swift */,
				CBBB64A82D60374C008A9AEC /* BackgroundVideoHelper.swift */,
				CBFDF9D42D614AF4008C580D /* ContainerHelper.swift */,
				CBDF23552D681AAF0049F865 /* ToggleHelper.swift */,
				CBDF23572D687EA10049F865 /* SliderHelper.swift */,
			);
			path = Helpers;
			sourceTree = "<group>";
		};
		CBEC15B62D5D8EB2009A0FAF /* Protocols */ = {
			isa = PBXGroup;
			children = (
				CBEC15CE2D5D9226009A0FAF /* ViewControl.swift */,
			);
			path = Protocols;
			sourceTree = "<group>";
		};
		CBEC15B72D5D8EC9009A0FAF /* Authentication */ = {
			isa = PBXGroup;
			children = (
				CBEC15D42D5E5CDF009A0FAF /* AuthenticationHelpers */,
				CBEC15C42D5D906F009A0FAF /* LoginAuth.swift */,
				CBEC15DD2D5E937C009A0FAF /* ResetAuth.swift */,
				CBEC15DF2D5EA98A009A0FAF /* RegisterAuth.swift */,
			);
			path = Authentication;
			sourceTree = "<group>";
		};
		CBEC15B82D5D8F45009A0FAF /* Content */ = {
			isa = PBXGroup;
			children = (
				CB5B4AE12D600C1100492970 /* Navigator */,
				CBEC15BD2D5D8FAF009A0FAF /* Text */,
				CBEC15BC2D5D8FA2009A0FAF /* Tabular */,
				CBEC15BB2D5D8F9D009A0FAF /* Images */,
				CBEC15BA2D5D8F96009A0FAF /* Code */,
				CBEC15B92D5D8F8F009A0FAF /* Account */,
				CBEC15B72D5D8EC9009A0FAF /* Authentication */,
				CBF91B9A2D5EE67A00B0616D /* Main */,
				CBF91B9B2D5EE68900B0616D /* Alert */,
				CBEC15C02D5D8FE0009A0FAF /* DinoLabsColorPicker.swift */,
			);
			path = Content;
			sourceTree = "<group>";
		};
		CBEC15B92D5D8F8F009A0FAF /* Account */ = {
			isa = PBXGroup;
			children = (
				CB6331732D66ACB300DBA508 /* AccountHelpers */,
				CB6331742D66ACD300DBA508 /* DinoLabsAccount.swift */,
			);
			path = Account;
			sourceTree = "<group>";
		};
		CBEC15BA2D5D8F96009A0FAF /* Code */ = {
			isa = PBXGroup;
			children = (
				CBDF235F2D6AA0950049F865 /* CodeHelpers */,
				CBDF23592D6916930049F865 /* DinoLabsIDE.swift */,
				CB18D2D52D6E447000CCFA36 /* DinoLabsTerminal.swift */,
				CBDF235B2D694C240049F865 /* DinoLabsParser.swift */,
				CBDF235D2D6A46D60049F865 /* DinoLabsThemes.swift */,
			);
			path = Code;
			sourceTree = "<group>";
		};
		CBEC15BB2D5D8F9D009A0FAF /* Images */ = {
			isa = PBXGroup;
			children = (
				CB9A90B12D77BE7800AA034A /* DinoLabsImage.swift */,
			);
			path = Images;
			sourceTree = "<group>";
		};
		CBEC15BC2D5D8FA2009A0FAF /* Tabular */ = {
			isa = PBXGroup;
			children = (
				CB82E61C2D7002CA00AB6412 /* TabularHelpers */,
				CBB19EF82D6EB12C002E7805 /* DinoLabsTabular.swift */,
				CB9A90A82D74A20F00AA034A /* DinoLabsTabularConstructors.swift */,
			);
			path = Tabular;
			sourceTree = "<group>";
		};
		CBEC15BD2D5D8FAF009A0FAF /* Text */ = {
			isa = PBXGroup;
			children = (
				CB9A90AC2D76856200AA034A /* TextHelpers */,
				CB9A90AA2D76770A00AA034A /* DinoLabsText.swift */,
			);
			path = Text;
			sourceTree = "<group>";
		};
		CBEC15D42D5E5CDF009A0FAF /* AuthenticationHelpers */ = {
			isa = PBXGroup;
			children = (
				CBEC15D52D5E5CFA009A0FAF /* AuthenticationTextField.swift */,
				CBEC15D72D5E64C7009A0FAF /* AuthenticationButtonMain.swift */,
			);
			path = AuthenticationHelpers;
			sourceTree = "<group>";
		};
		CBF91B9A2D5EE67A00B0616D /* Main */ = {
			isa = PBXGroup;
			children = (
				CB5B4ADC2D5FF8B100492970 /* MainHelpers */,
				CBEC15BE2D5D8FC7009A0FAF /* DinoLabsPlayground.swift */,
				CBFDA88E2D65C97800EA87BB /* DinoLabsSearch.swift */,
			);
			path = Main;
			sourceTree = "<group>";
		};
		CBF91B9B2D5EE68900B0616D /* Alert */ = {
			isa = PBXGroup;
			children = (
				CBF91B9C2D5EE70700B0616D /* AlertHelpers */,
				CBEC15C22D5D9015009A0FAF /* DinoLabsAlert.swift */,
			);
			path = Alert;
			sourceTree = "<group>";
		};
		CBF91B9C2D5EE70700B0616D /* AlertHelpers */ = {
			isa = PBXGroup;
			children = (
				CBF91B9D2D5EE71F00B0616D /* AlertTextField.swift */,
				CB5B4AD22D5FC0B100492970 /* AlertCheckField.swift */,
				CB5B4AD42D5FC0C700492970 /* AlertMenuField.swift */,
				CB5B4AD62D5FC56D00492970 /* AlertButtonMain.swift */,
			);
			path = AlertHelpers;
			sourceTree = "<group>";
		};
		CBFD7B6D2D624F4E00418304 /* PlottingHelpers */ = {
			isa = PBXGroup;
			children = (
				CBFD7B6E2D624F6200418304 /* DoughnutHelper.swift */,
				CBFD7B702D62909900418304 /* LineHelper.swift */,
			);
			name = PlottingHelpers;
			sourceTree = "<group>";
		};
/* End PBXGroup section */

/* Begin PBXNativeTarget section */
		CBEC15A12D5D8A19009A0FAF /* Dino Labs Playground */ = {
			isa = PBXNativeTarget;
			buildConfigurationList = CBEC15B02D5D8A1D009A0FAF /* Build configuration list for PBXNativeTarget "Dino Labs Playground" */;
			buildPhases = (
				CBEC159E2D5D8A19009A0FAF /* Sources */,
				CBEC159F2D5D8A19009A0FAF /* Frameworks */,
				CBEC15A02D5D8A19009A0FAF /* Resources */,
			);
			buildRules = (
			);
			dependencies = (
			);
			name = "Dino Labs Playground";
			productName = DinoLabsPlayground;
			productReference = CBEC15A22D5D8A19009A0FAF /* Dino Labs Playground.app */;
			productType = "com.apple.product-type.application";
		};
/* End PBXNativeTarget section */

/* Begin PBXProject section */
		CBEC159A2D5D8A19009A0FAF /* Project object */ = {
			isa = PBXProject;
			attributes = {
				BuildIndependentTargetsInParallel = 1;
				LastSwiftUpdateCheck = 1520;
				LastUpgradeCheck = 1520;
				TargetAttributes = {
					CBEC15A12D5D8A19009A0FAF = {
						CreatedOnToolsVersion = 15.2;
					};
				};
			};
			buildConfigurationList = CBEC159D2D5D8A19009A0FAF /* Build configuration list for PBXProject "Dino Labs Playground" */;
			compatibilityVersion = "Xcode 14.0";
			developmentRegion = en;
			hasScannedForEncodings = 0;
			knownRegions = (
				en,
				Base,
			);
			mainGroup = CBEC15992D5D8A19009A0FAF;
			productRefGroup = CBEC15A32D5D8A19009A0FAF /* Products */;
			projectDirPath = "";
			projectRoot = "";
			targets = (
				CBEC15A12D5D8A19009A0FAF /* Dino Labs Playground */,
			);
		};
/* End PBXProject section */

/* Begin PBXResourcesBuildPhase section */
		CBEC15A02D5D8A19009A0FAF /* Resources */ = {
			isa = PBXResourcesBuildPhase;
			buildActionMask = 2147483647;
			files = (
				CBEC15AD2D5D8A1D009A0FAF /* Preview Assets.xcassets in Resources */,
				CBEC15AA2D5D8A1D009A0FAF /* Assets.xcassets in Resources */,
				CBEC15D22D5D978B009A0FAF /* SolarSystemBackground.mp4 in Resources */,
			);
			runOnlyForDeploymentPostprocessing = 0;
		};
/* End PBXResourcesBuildPhase section */

/* Begin PBXSourcesBuildPhase section */
		CBEC159E2D5D8A19009A0FAF /* Sources */ = {
			isa = PBXSourcesBuildPhase;
			buildActionMask = 2147483647;
			files = (
				CBEC15BF2D5D8FC7009A0FAF /* DinoLabsPlayground.swift in Sources */,
				CB9A90B02D76858C00AA034A /* TextButtonMain.swift in Sources */,
				CBDF23522D6807B40049F865 /* AccountTextField.swift in Sources */,
				CBFDA88B2D64FC3700EA87BB /* TabHelper.swift in Sources */,
				CB9A90AE2D76857D00AA034A /* TextTextField.swift in Sources */,
				CBEC15CB2D5D9176009A0FAF /* NetworkManager.swift in Sources */,
				CBDF23612D6AA0AF0049F865 /* CodeTextField.swift in Sources */,
				CB9A90A92D74A20F00AA034A /* DinoLabsTabularConstructors.swift in Sources */,
				CB5B4ADB2D5FC6BF00492970 /* InputButtonManager.swift in Sources */,
				CBEC15C52D5D906F009A0FAF /* LoginAuth.swift in Sources */,
				CB5B4AE62D601B5F00492970 /* NavigatorButtonMain.swift in Sources */,
				CBFDF9D52D614AF4008C580D /* ContainerHelper.swift in Sources */,
				CBEC15D82D5E64C7009A0FAF /* AuthenticationButtonMain.swift in Sources */,
				CB6331752D66ACD300DBA508 /* DinoLabsAccount.swift in Sources */,
				CBEC15DA2D5E7205009A0FAF /* HoverHelper.swift in Sources */,
				CBEC15C12D5D8FE0009A0FAF /* DinoLabsColorPicker.swift in Sources */,
				CB9A90A72D73A13E00AA034A /* TabularTextField.swift in Sources */,
				CBDF235A2D6916930049F865 /* DinoLabsIDE.swift in Sources */,
				CB5B4AE02D5FF8E300492970 /* MainButtonMain.swift in Sources */,
				CBEC15DC2D5E806E009A0FAF /* ClickHelper.swift in Sources */,
				CBEC15CD2D5D91A8009A0FAF /* StructManager.swift in Sources */,
				CBEC15D62D5E5CFA009A0FAF /* AuthenticationTextField.swift in Sources */,
				CBEC15E02D5EA98A009A0FAF /* RegisterAuth.swift in Sources */,
				CB5B4AD32D5FC0B100492970 /* AlertCheckField.swift in Sources */,
				CB5B4AD52D5FC0C700492970 /* AlertMenuField.swift in Sources */,
				CBEC15C92D5D9159009A0FAF /* SecurityManager.swift in Sources */,
				CB5B4AD92D5FC68C00492970 /* InputFieldManager.swift in Sources */,
				CBB19EF92D6EB12C002E7805 /* DinoLabsTabular.swift in Sources */,
				CBFDF9D32D612FD0008C580D /* CursorHelper.swift in Sources */,
				CBEC15C72D5D90F3009A0FAF /* DateManager.swift in Sources */,
				CBFDA88F2D65C97800EA87BB /* DinoLabsSearch.swift in Sources */,
				CBDF235E2D6A46D60049F865 /* DinoLabsThemes.swift in Sources */,
				CB5B4ADE2D5FF8CE00492970 /* MainTextField.swift in Sources */,
				CBDF23582D687EA10049F865 /* SliderHelper.swift in Sources */,
				CB18D2D62D6E447000CCFA36 /* DinoLabsTerminal.swift in Sources */,
				CBBB64A92D60374C008A9AEC /* BackgroundVideoHelper.swift in Sources */,
				CBF91B9E2D5EE71F00B0616D /* AlertTextField.swift in Sources */,
				CBEC15C32D5D9015009A0FAF /* DinoLabsAlert.swift in Sources */,
				CB18D2D42D6D48E700CCFA36 /* SessionManager.swift in Sources */,
				CBFD7B712D62909900418304 /* LineHelper.swift in Sources */,
				CBDF235C2D694C240049F865 /* DinoLabsParser.swift in Sources */,
				CBFD7B732D62A42C00418304 /* ColorManager.swift in Sources */,
				CBDF23542D6807C30049F865 /* AccountButtonMain.swift in Sources */,
				CB82E61E2D7002EC00AB6412 /* TabularButtonMain.swift in Sources */,
				CBDF23562D681AAF0049F865 /* ToggleHelper.swift in Sources */,
				CBEC15A82D5D8A19009A0FAF /* ContentView.swift in Sources */,
				CBEC15A62D5D8A19009A0FAF /* DinoLabsPlaygroundApp.swift in Sources */,
				CB5B4AE32D600C2900492970 /* NavigationBar.swift in Sources */,
				CBEC15CF2D5D9226009A0FAF /* ViewControl.swift in Sources */,
				CBFD7B6F2D624F6200418304 /* DoughnutHelper.swift in Sources */,
				CBEC15DE2D5E937C009A0FAF /* ResetAuth.swift in Sources */,
				CB9A90B22D77BE7900AA034A /* DinoLabsImage.swift in Sources */,
				CB5B4AD72D5FC56D00492970 /* AlertButtonMain.swift in Sources */,
				CB9A90AB2D76770A00AA034A /* DinoLabsText.swift in Sources */,
				CBDF23632D6AA0BB0049F865 /* CodeButtonMain.swift in Sources */,
			);
			runOnlyForDeploymentPostprocessing = 0;
		};
/* End PBXSourcesBuildPhase section */

/* Begin XCBuildConfiguration section */
		CBEC15AE2D5D8A1D009A0FAF /* Debug */ = {
			isa = XCBuildConfiguration;
			buildSettings = {
				ALWAYS_SEARCH_USER_PATHS = NO;
				ASSETCATALOG_COMPILER_GENERATE_SWIFT_ASSET_SYMBOL_EXTENSIONS = YES;
				CLANG_ANALYZER_NONNULL = YES;
				CLANG_ANALYZER_NUMBER_OBJECT_CONVERSION = YES_AGGRESSIVE;
				CLANG_CXX_LANGUAGE_STANDARD = "gnu++20";
				CLANG_ENABLE_MODULES = YES;
				CLANG_ENABLE_OBJC_ARC = YES;
				CLANG_ENABLE_OBJC_WEAK = YES;
				CLANG_WARN_BLOCK_CAPTURE_AUTORELEASING = YES;
				CLANG_WARN_BOOL_CONVERSION = YES;
				CLANG_WARN_COMMA = YES;
				CLANG_WARN_CONSTANT_CONVERSION = YES;
				CLANG_WARN_DEPRECATED_OBJC_IMPLEMENTATIONS = YES;
				CLANG_WARN_DIRECT_OBJC_ISA_USAGE = YES_ERROR;
				CLANG_WARN_DOCUMENTATION_COMMENTS = YES;
				CLANG_WARN_EMPTY_BODY = YES;
				CLANG_WARN_ENUM_CONVERSION = YES;
				CLANG_WARN_INFINITE_RECURSION = YES;
				CLANG_WARN_INT_CONVERSION = YES;
				CLANG_WARN_NON_LITERAL_NULL_CONVERSION = YES;
				CLANG_WARN_OBJC_IMPLICIT_RETAIN_SELF = YES;
				CLANG_WARN_OBJC_LITERAL_CONVERSION = YES;
				CLANG_WARN_OBJC_ROOT_CLASS = YES_ERROR;
				CLANG_WARN_QUOTED_INCLUDE_IN_FRAMEWORK_HEADER = YES;
				CLANG_WARN_RANGE_LOOP_ANALYSIS = YES;
				CLANG_WARN_STRICT_PROTOTYPES = YES;
				CLANG_WARN_SUSPICIOUS_MOVE = YES;
				CLANG_WARN_UNGUARDED_AVAILABILITY = YES_AGGRESSIVE;
				CLANG_WARN_UNREACHABLE_CODE = YES;
				CLANG_WARN__DUPLICATE_METHOD_MATCH = YES;
				COPY_PHASE_STRIP = NO;
				DEBUG_INFORMATION_FORMAT = dwarf;
				ENABLE_STRICT_OBJC_MSGSEND = YES;
				ENABLE_TESTABILITY = YES;
				ENABLE_USER_SCRIPT_SANDBOXING = YES;
				GCC_C_LANGUAGE_STANDARD = gnu17;
				GCC_DYNAMIC_NO_PIC = NO;
				GCC_NO_COMMON_BLOCKS = YES;
				GCC_OPTIMIZATION_LEVEL = 0;
				GCC_PREPROCESSOR_DEFINITIONS = (
					"DEBUG=1",
					"$(inherited)",
				);
				GCC_WARN_64_TO_32_BIT_CONVERSION = YES;
				GCC_WARN_ABOUT_RETURN_TYPE = YES_ERROR;
				GCC_WARN_UNDECLARED_SELECTOR = YES;
				GCC_WARN_UNINITIALIZED_AUTOS = YES_AGGRESSIVE;
				GCC_WARN_UNUSED_FUNCTION = YES;
				GCC_WARN_UNUSED_VARIABLE = YES;
				IPHONEOS_DEPLOYMENT_TARGET = 17.2;
				LOCALIZATION_PREFERS_STRING_CATALOGS = YES;
				MTL_ENABLE_DEBUG_INFO = INCLUDE_SOURCE;
				MTL_FAST_MATH = YES;
				ONLY_ACTIVE_ARCH = YES;
				SDKROOT = iphoneos;
				SWIFT_ACTIVE_COMPILATION_CONDITIONS = "DEBUG $(inherited)";
				SWIFT_OPTIMIZATION_LEVEL = "-Onone";
			};
			name = Debug;
		};
		CBEC15AF2D5D8A1D009A0FAF /* Release */ = {
			isa = XCBuildConfiguration;
			buildSettings = {
				ALWAYS_SEARCH_USER_PATHS = NO;
				ASSETCATALOG_COMPILER_GENERATE_SWIFT_ASSET_SYMBOL_EXTENSIONS = YES;
				CLANG_ANALYZER_NONNULL = YES;
				CLANG_ANALYZER_NUMBER_OBJECT_CONVERSION = YES_AGGRESSIVE;
				CLANG_CXX_LANGUAGE_STANDARD = "gnu++20";
				CLANG_ENABLE_MODULES = YES;
				CLANG_ENABLE_OBJC_ARC = YES;
				CLANG_ENABLE_OBJC_WEAK = YES;
				CLANG_WARN_BLOCK_CAPTURE_AUTORELEASING = YES;
				CLANG_WARN_BOOL_CONVERSION = YES;
				CLANG_WARN_COMMA = YES;
				CLANG_WARN_CONSTANT_CONVERSION = YES;
				CLANG_WARN_DEPRECATED_OBJC_IMPLEMENTATIONS = YES;
				CLANG_WARN_DIRECT_OBJC_ISA_USAGE = YES_ERROR;
				CLANG_WARN_DOCUMENTATION_COMMENTS = YES;
				CLANG_WARN_EMPTY_BODY = YES;
				CLANG_WARN_ENUM_CONVERSION = YES;
				CLANG_WARN_INFINITE_RECURSION = YES;
				CLANG_WARN_INT_CONVERSION = YES;
				CLANG_WARN_NON_LITERAL_NULL_CONVERSION = YES;
				CLANG_WARN_OBJC_IMPLICIT_RETAIN_SELF = YES;
				CLANG_WARN_OBJC_LITERAL_CONVERSION = YES;
				CLANG_WARN_OBJC_ROOT_CLASS = YES_ERROR;
				CLANG_WARN_QUOTED_INCLUDE_IN_FRAMEWORK_HEADER = YES;
				CLANG_WARN_RANGE_LOOP_ANALYSIS = YES;
				CLANG_WARN_STRICT_PROTOTYPES = YES;
				CLANG_WARN_SUSPICIOUS_MOVE = YES;
				CLANG_WARN_UNGUARDED_AVAILABILITY = YES_AGGRESSIVE;
				CLANG_WARN_UNREACHABLE_CODE = YES;
				CLANG_WARN__DUPLICATE_METHOD_MATCH = YES;
				COPY_PHASE_STRIP = NO;
				DEBUG_INFORMATION_FORMAT = "dwarf-with-dsym";
				ENABLE_NS_ASSERTIONS = NO;
				ENABLE_STRICT_OBJC_MSGSEND = YES;
				ENABLE_USER_SCRIPT_SANDBOXING = YES;
				GCC_C_LANGUAGE_STANDARD = gnu17;
				GCC_NO_COMMON_BLOCKS = YES;
				GCC_WARN_64_TO_32_BIT_CONVERSION = YES;
				GCC_WARN_ABOUT_RETURN_TYPE = YES_ERROR;
				GCC_WARN_UNDECLARED_SELECTOR = YES;
				GCC_WARN_UNINITIALIZED_AUTOS = YES_AGGRESSIVE;
				GCC_WARN_UNUSED_FUNCTION = YES;
				GCC_WARN_UNUSED_VARIABLE = YES;
				IPHONEOS_DEPLOYMENT_TARGET = 17.2;
				LOCALIZATION_PREFERS_STRING_CATALOGS = YES;
				MTL_ENABLE_DEBUG_INFO = NO;
				MTL_FAST_MATH = YES;
				SDKROOT = iphoneos;
				SWIFT_COMPILATION_MODE = wholemodule;
				VALIDATE_PRODUCT = YES;
			};
			name = Release;
		};
		CBEC15B12D5D8A1D009A0FAF /* Debug */ = {
			isa = XCBuildConfiguration;
			buildSettings = {
				ASSETCATALOG_COMPILER_APPICON_NAME = AppIcon;
				"ASSETCATALOG_COMPILER_APPICON_NAME[sdk=macosx*]" = AppIcon;
				ASSETCATALOG_COMPILER_GLOBAL_ACCENT_COLOR_NAME = AccentColor;
				ASSETCATALOG_COMPILER_INCLUDE_ALL_APPICON_ASSETS = YES;
				CODE_SIGN_ENTITLEMENTS = DinoLabsPlayground/DinoLabsPlayground.entitlements;
				CODE_SIGN_STYLE = Automatic;
				CURRENT_PROJECT_VERSION = 1;
				DEVELOPMENT_ASSET_PATHS = "\"DinoLabsPlayground/Preview Content\"";
				DEVELOPMENT_TEAM = 3UP33MD4NA;
				ENABLE_PREVIEWS = YES;
				GENERATE_INFOPLIST_FILE = YES;
				INFOPLIST_KEY_UIApplicationSceneManifest_Generation = YES;
				INFOPLIST_KEY_UIApplicationSupportsIndirectInputEvents = YES;
				INFOPLIST_KEY_UILaunchScreen_Generation = YES;
				INFOPLIST_KEY_UISupportedInterfaceOrientations_iPad = "UIInterfaceOrientationPortrait UIInterfaceOrientationPortraitUpsideDown UIInterfaceOrientationLandscapeLeft UIInterfaceOrientationLandscapeRight";
				INFOPLIST_KEY_UISupportedInterfaceOrientations_iPhone = "UIInterfaceOrientationPortrait UIInterfaceOrientationLandscapeLeft UIInterfaceOrientationLandscapeRight";
				LD_RUNPATH_SEARCH_PATHS = (
					"$(inherited)",
					"@executable_path/Frameworks",
				);
				MACOSX_DEPLOYMENT_TARGET = 12.0;
				MARKETING_VERSION = 1.0;
				PRODUCT_BUNDLE_IDENTIFIER = com.nightingale.DinoLabsPlayground;
				PRODUCT_NAME = "$(TARGET_NAME)";
				SUPPORTED_PLATFORMS = macosx;
				SUPPORTS_MACCATALYST = NO;
				SUPPORTS_MAC_DESIGNED_FOR_IPHONE_IPAD = NO;
				SUPPORTS_XR_DESIGNED_FOR_IPHONE_IPAD = NO;
				SWIFT_EMIT_LOC_STRINGS = YES;
				SWIFT_VERSION = 5.0;
			};
			name = Debug;
		};
		CBEC15B22D5D8A1D009A0FAF /* Release */ = {
			isa = XCBuildConfiguration;
			buildSettings = {
				ASSETCATALOG_COMPILER_APPICON_NAME = AppIcon;
				"ASSETCATALOG_COMPILER_APPICON_NAME[sdk=macosx*]" = AppIcon;
				ASSETCATALOG_COMPILER_GLOBAL_ACCENT_COLOR_NAME = AccentColor;
				ASSETCATALOG_COMPILER_INCLUDE_ALL_APPICON_ASSETS = YES;
				CODE_SIGN_ENTITLEMENTS = DinoLabsPlayground/DinoLabsPlayground.entitlements;
				CODE_SIGN_STYLE = Automatic;
				CURRENT_PROJECT_VERSION = 1;
				DEVELOPMENT_ASSET_PATHS = "\"DinoLabsPlayground/Preview Content\"";
				DEVELOPMENT_TEAM = 3UP33MD4NA;
				ENABLE_PREVIEWS = YES;
				GENERATE_INFOPLIST_FILE = YES;
				INFOPLIST_KEY_UIApplicationSceneManifest_Generation = YES;
				INFOPLIST_KEY_UIApplicationSupportsIndirectInputEvents = YES;
				INFOPLIST_KEY_UILaunchScreen_Generation = YES;
				INFOPLIST_KEY_UISupportedInterfaceOrientations_iPad = "UIInterfaceOrientationPortrait UIInterfaceOrientationPortraitUpsideDown UIInterfaceOrientationLandscapeLeft UIInterfaceOrientationLandscapeRight";
				INFOPLIST_KEY_UISupportedInterfaceOrientations_iPhone = "UIInterfaceOrientationPortrait UIInterfaceOrientationLandscapeLeft UIInterfaceOrientationLandscapeRight";
				LD_RUNPATH_SEARCH_PATHS = (
					"$(inherited)",
					"@executable_path/Frameworks",
				);
				MACOSX_DEPLOYMENT_TARGET = 12.0;
				MARKETING_VERSION = 1.0;
				PRODUCT_BUNDLE_IDENTIFIER = com.nightingale.DinoLabsPlayground;
				PRODUCT_NAME = "$(TARGET_NAME)";
				SUPPORTED_PLATFORMS = macosx;
				SUPPORTS_MACCATALYST = NO;
				SUPPORTS_MAC_DESIGNED_FOR_IPHONE_IPAD = NO;
				SUPPORTS_XR_DESIGNED_FOR_IPHONE_IPAD = NO;
				SWIFT_EMIT_LOC_STRINGS = YES;
				SWIFT_VERSION = 5.0;
			};
			name = Release;
		};
/* End XCBuildConfiguration section */

/* Begin XCConfigurationList section */
		CBEC159D2D5D8A19009A0FAF /* Build configuration list for PBXProject "Dino Labs Playground" */ = {
			isa = XCConfigurationList;
			buildConfigurations = (
				CBEC15AE2D5D8A1D009A0FAF /* Debug */,
				CBEC15AF2D5D8A1D009A0FAF /* Release */,
			);
			defaultConfigurationIsVisible = 0;
			defaultConfigurationName = Release;
		};
		CBEC15B02D5D8A1D009A0FAF /* Build configuration list for PBXNativeTarget "Dino Labs Playground" */ = {
			isa = XCConfigurationList;
			buildConfigurations = (
				CBEC15B12D5D8A1D009A0FAF /* Debug */,
				CBEC15B22D5D8A1D009A0FAF /* Release */,
			);
			defaultConfigurationIsVisible = 0;
			defaultConfigurationName = Release;
		};
/* End XCConfigurationList section */
	};
	rootObject = CBEC159A2D5D8A19009A0FAF /* Project object */;
}
